
Microsoft Visual Studio Solution File, Format Version 12.00
# Visual Studio Version 17
VisualStudioVersion = 17.14.36908.2 d17.14
MinimumVisualStudioVersion = 10.0.40219.1
Project("{FAE04EC0-301F-11D3-BF4B-00C04F79EFBC}") = "TRAVAIL_PROGRAMMATION_AVANCEE", "TRAVAIL_PROGRAMMATION_AVANCEE.csproj", "{CEF706BD-E70F-4F21-B77A-B300DDAFB485}"
EndProject
Global
	GlobalSection(SolutionConfigurationPlatforms) = preSolution
		Debug|Any CPU = Debug|Any CPU
		Release|Any CPU = Release|Any CPU
	EndGlobalSection
	GlobalSection(ProjectConfigurationPlatforms) = postSolution
		{CEF706BD-E70F-4F21-B77A-B300DDAFB485}.Debug|Any CPU.ActiveCfg = Debug|Any CPU
		{CEF706BD-E70F-4F21-B77A-B300DDAFB485}.Debug|Any CPU.Build.0 = Debug|Any CPU
		{CEF706BD-E70F-4F21-B77A-B300DDAFB485}.Release|Any CPU.ActiveCfg = Release|Any CPU
		{CEF706BD-E70F-4F21-B77A-B300DDAFB485}.Release|Any CPU.Build.0 = Release|Any CPU
	EndGlobalSection
	GlobalSection(SolutionProperties) = preSolution
		HideSolutionNode = FALSE
	EndGlobalSection
	GlobalSection(ExtensibilityGlobals) = postSolution
		SolutionGuid = {9502EE60-4509-40E3-8899-6B066DECDE41}
	EndGlobalSection
EndGlobal
